
Microsoft Visual Studio Solution File, Format Version 12.00
# Visual Studio Version 17
VisualStudioVersion = 17.13.35931.197 d17.13
MinimumVisualStudioVersion = 10.0.40219.1
Project("{FAE04EC0-301F-11D3-BF4B-00C04F79EFBC}") = "TheALMAProject.API", "TheALMAProject.API\TheALMAProject.API.csproj", "{4D0915FD-14CD-4390-B269-FC2AE8046E5C}"
EndProject
Global
	GlobalSection(SolutionConfigurationPlatforms) = preSolution
		Debug|Any CPU = Debug|Any CPU
		Release|Any CPU = Release|Any CPU
	EndGlobalSection
	GlobalSection(ProjectConfigurationPlatforms) = postSolution
		{4D0915FD-14CD-4390-B269-FC2AE8046E5C}.Debug|Any CPU.ActiveCfg = Debug|Any CPU
		{4D0915FD-14CD-4390-B269-FC2AE8046E5C}.Debug|Any CPU.Build.0 = Debug|Any CPU
		{4D0915FD-14CD-4390-B269-FC2AE8046E5C}.Release|Any CPU.ActiveCfg = Release|Any CPU
		{4D0915FD-14CD-4390-B269-FC2AE8046E5C}.Release|Any CPU.Build.0 = Release|Any CPU
	EndGlobalSection
	GlobalSection(SolutionProperties) = preSolution
		HideSolutionNode = FALSE
	EndGlobalSection
	GlobalSection(ExtensibilityGlobals) = postSolution
		SolutionGuid = {C7D4BB7D-B96B-453B-B670-34EF2F2A8A42}
	EndGlobalSection
EndGlobal
